github.com/rusq/dlog v1.3.3 h1:Q9fZW1H/YEnlDg3Ph1k/BRSBfi/q5ezI+8Metws9tTI=
github.com/rusq/dlog v1.3.3/go.mod h1:kjZAEvBu7m3+mnJQKoIeLul1YB3kJq/6lZBdDTZmpzA=
github.com/yourbasic/graph v0.0.0-20210606180040-8ecfec1c2869 h1:7v7L5lsfw4w8iqBBXETukHo4IPltmD+mWoLRYUmeGN8=
github.com/yourbasic/graph v0.0.0-20210606180040-8ecfec1c2869/go.mod h1:Rfzr+sqaDreiCaoQbFCu3sTXxeFq/9kXRuyOoSlGQHE=
